Microsoft Visual Studio Solution File, Format Version 12.00
# Visual Studio 2012
Project("{FAE04EC0-301F-11D3-BF4B-00C04F79EFBC}") = "The last of us-ers", "The last of us-ers.csproj", "{A1551210-516B-4CF5-A357-53E6B4FEC26D}"
EndProject
Global
	GlobalSection(SolutionConfigurationPlatforms) = preSolution
	Debug|Any CPU = Debug|Any CPU
	ExportDebug|Any CPU = ExportDebug|Any CPU
	ExportRelease|Any CPU = ExportRelease|Any CPU
	EndGlobalSection
	GlobalSection(ProjectConfigurationPlatforms) = postSolution
		{A1551210-516B-4CF5-A357-53E6B4FEC26D}.Debug|Any CPU.ActiveCfg = Debug|Any CPU
		{A1551210-516B-4CF5-A357-53E6B4FEC26D}.Debug|Any CPU.Build.0 = Debug|Any CPU
		{A1551210-516B-4CF5-A357-53E6B4FEC26D}.ExportDebug|Any CPU.ActiveCfg = ExportDebug|Any CPU
		{A1551210-516B-4CF5-A357-53E6B4FEC26D}.ExportDebug|Any CPU.Build.0 = ExportDebug|Any CPU
		{A1551210-516B-4CF5-A357-53E6B4FEC26D}.ExportRelease|Any CPU.ActiveCfg = ExportRelease|Any CPU
		{A1551210-516B-4CF5-A357-53E6B4FEC26D}.ExportRelease|Any CPU.Build.0 = ExportRelease|Any CPU
	EndGlobalSection
EndGlobal
